
Microsoft Visual Studio Solution File, Format Version 12.00
# Visual Studio Version 17
VisualStudioVersion = 17.13.35828.75 d17.13
MinimumVisualStudioVersion = 10.0.40219.1
Project("{FAE04EC0-301F-11D3-BF4B-00C04F79EFBC}") = "PointOfSale.UI", "PointOfSale.UI\PointOfSale.UI.csproj", "{49062C80-D07F-48FB-BFCF-77602D38209E}"
EndProject
Global
	GlobalSection(SolutionConfigurationPlatforms) = preSolution
		Debug|Any CPU = Debug|Any CPU
		Release|Any CPU = Release|Any CPU
	EndGlobalSection
	GlobalSection(ProjectConfigurationPlatforms) = postSolution
		{49062C80-D07F-48FB-BFCF-77602D38209E}.Debug|Any CPU.ActiveCfg = Debug|Any CPU
		{49062C80-D07F-48FB-BFCF-77602D38209E}.Debug|Any CPU.Build.0 = Debug|Any CPU
		{49062C80-D07F-48FB-BFCF-77602D38209E}.Release|Any CPU.ActiveCfg = Release|Any CPU
		{49062C80-D07F-48FB-BFCF-77602D38209E}.Release|Any CPU.Build.0 = Release|Any CPU
	EndGlobalSection
	GlobalSection(SolutionProperties) = preSolution
		HideSolutionNode = FALSE
	EndGlobalSection
	GlobalSection(ExtensibilityGlobals) = postSolution
		SolutionGuid = {3E03A62B-F317-4451-A5A6-D1530028CB7F}
	EndGlobalSection
EndGlobal
